
Microsoft Visual Studio Solution File, Format Version 12.00
# Visual Studio Version 17
VisualStudioVersion = 17.14.36705.20
MinimumVisualStudioVersion = 10.0.40219.1
Project("{FAE04EC0-301F-11D3-BF4B-00C04F79EFBC}") = "LoopsHomeworkNK", "LoopsHomeworkNK.csproj", "{DB69D491-6222-4A94-8003-D6AACE472BC1}"
EndProject
Project("{2150E333-8FDC-42A3-9474-1A3956D46DE8}") = "Task1", "Task1", "{02EA681E-C7D8-13C7-8484-4AC65E1B71E8}"
EndProject
Project("{FAE04EC0-301F-11D3-BF4B-00C04F79EFBC}") = "Task1", "..\Task1\Task1.csproj", "{C5C5017B-65C6-4937-8978-14EB76F04D7A}"
EndProject
Project("{2150E333-8FDC-42A3-9474-1A3956D46DE8}") = "Task2", "Task2", "{4ACF316F-90FD-4210-9DFB-6695C97856EE}"
EndProject
Project("{FAE04EC0-301F-11D3-BF4B-00C04F79EFBC}") = "Task2", "..\Task2\Task2.csproj", "{27E277AC-9FF2-4FBC-A57E-CE11DA68F75B}"
EndProject
Project("{2150E333-8FDC-42A3-9474-1A3956D46DE8}") = "Task3", "Task3", "{4AF22FB4-4FCF-4782-8373-A50CE46ECEA2}"
EndProject
Project("{FAE04EC0-301F-11D3-BF4B-00C04F79EFBC}") = "Task3", "..\Task3\Task3.csproj", "{079203AC-8A2B-4DFE-AF5C-BDA6E6EDDBF3}"
EndProject
Project("{2150E333-8FDC-42A3-9474-1A3956D46DE8}") = "Task4", "Task4", "{805CAE4C-3BC9-490E-8EEA-4A7069671169}"
EndProject
Project("{FAE04EC0-301F-11D3-BF4B-00C04F79EFBC}") = "Task4", "..\Task4\Task4.csproj", "{727F9F2D-7702-4C89-A656-6A50F8422B7B}"
EndProject
Project("{2150E333-8FDC-42A3-9474-1A3956D46DE8}") = "Task5", "Task5", "{33537982-CAB0-4485-B894-3D15C941C67A}"
EndProject
Project("{FAE04EC0-301F-11D3-BF4B-00C04F79EFBC}") = "Task5", "..\Task5\Task5.csproj", "{AF177732-8922-4245-A6B9-15FA6598BEDC}"
EndProject
Project("{2150E333-8FDC-42A3-9474-1A3956D46DE8}") = "Task6", "Task6", "{50AE494C-B027-4BEA-9CD5-8CD903BD7421}"
EndProject
Project("{FAE04EC0-301F-11D3-BF4B-00C04F79EFBC}") = "Task6", "..\Task6\Task6.csproj", "{F726D635-67D8-416F-89F2-A80C0306D894}"
EndProject
Project("{2150E333-8FDC-42A3-9474-1A3956D46DE8}") = "Task7", "Task7", "{5BA73ACA-740A-45A4-9A35-4AAC1FA108EC}"
EndProject
Project("{FAE04EC0-301F-11D3-BF4B-00C04F79EFBC}") = "Task7", "..\Task7\Task7.csproj", "{72838515-05EA-4411-BAF6-598BFA0566CA}"
EndProject
Global
	GlobalSection(SolutionConfigurationPlatforms) = preSolution
		Debug|Any CPU = Debug|Any CPU
		Release|Any CPU = Release|Any CPU
	EndGlobalSection
	GlobalSection(ProjectConfigurationPlatforms) = postSolution
		{DB69D491-6222-4A94-8003-D6AACE472BC1}.Debug|Any CPU.ActiveCfg = Debug|Any CPU
		{DB69D491-6222-4A94-8003-D6AACE472BC1}.Debug|Any CPU.Build.0 = Debug|Any CPU
		{DB69D491-6222-4A94-8003-D6AACE472BC1}.Release|Any CPU.ActiveCfg = Release|Any CPU
		{DB69D491-6222-4A94-8003-D6AACE472BC1}.Release|Any CPU.Build.0 = Release|Any CPU
		{C5C5017B-65C6-4937-8978-14EB76F04D7A}.Debug|Any CPU.ActiveCfg = Debug|Any CPU
		{C5C5017B-65C6-4937-8978-14EB76F04D7A}.Debug|Any CPU.Build.0 = Debug|Any CPU
		{C5C5017B-65C6-4937-8978-14EB76F04D7A}.Release|Any CPU.ActiveCfg = Release|Any CPU
		{C5C5017B-65C6-4937-8978-14EB76F04D7A}.Release|Any CPU.Build.0 = Release|Any CPU
		{27E277AC-9FF2-4FBC-A57E-CE11DA68F75B}.Debug|Any CPU.ActiveCfg = Debug|Any CPU
		{27E277AC-9FF2-4FBC-A57E-CE11DA68F75B}.Debug|Any CPU.Build.0 = Debug|Any CPU
		{27E277AC-9FF2-4FBC-A57E-CE11DA68F75B}.Release|Any CPU.ActiveCfg = Release|Any CPU
		{27E277AC-9FF2-4FBC-A57E-CE11DA68F75B}.Release|Any CPU.Build.0 = Release|Any CPU
		{079203AC-8A2B-4DFE-AF5C-BDA6E6EDDBF3}.Debug|Any CPU.ActiveCfg = Debug|Any CPU
		{079203AC-8A2B-4DFE-AF5C-BDA6E6EDDBF3}.Debug|Any CPU.Build.0 = Debug|Any CPU
		{079203AC-8A2B-4DFE-AF5C-BDA6E6EDDBF3}.Release|Any CPU.ActiveCfg = Release|Any CPU
		{079203AC-8A2B-4DFE-AF5C-BDA6E6EDDBF3}.Release|Any CPU.Build.0 = Release|Any CPU
		{727F9F2D-7702-4C89-A656-6A50F8422B7B}.Debug|Any CPU.ActiveCfg = Debug|Any CPU
		{727F9F2D-7702-4C89-A656-6A50F8422B7B}.Debug|Any CPU.Build.0 = Debug|Any CPU
		{727F9F2D-7702-4C89-A656-6A50F8422B7B}.Release|Any CPU.ActiveCfg = Release|Any CPU
		{727F9F2D-7702-4C89-A656-6A50F8422B7B}.Release|Any CPU.Build.0 = Release|Any CPU
		{AF177732-8922-4245-A6B9-15FA6598BEDC}.Debug|Any CPU.ActiveCfg = Debug|Any CPU
		{AF177732-8922-4245-A6B9-15FA6598BEDC}.Debug|Any CPU.Build.0 = Debug|Any CPU
		{AF177732-8922-4245-A6B9-15FA6598BEDC}.Release|Any CPU.ActiveCfg = Release|Any CPU
		{AF177732-8922-4245-A6B9-15FA6598BEDC}.Release|Any CPU.Build.0 = Release|Any CPU
		{F726D635-67D8-416F-89F2-A80C0306D894}.Debug|Any CPU.ActiveCfg = Debug|Any CPU
		{F726D635-67D8-416F-89F2-A80C0306D894}.Debug|Any CPU.Build.0 = Debug|Any CPU
		{F726D635-67D8-416F-89F2-A80C0306D894}.Release|Any CPU.ActiveCfg = Release|Any CPU
		{F726D635-67D8-416F-89F2-A80C0306D894}.Release|Any CPU.Build.0 = Release|Any CPU
		{72838515-05EA-4411-BAF6-598BFA0566CA}.Debug|Any CPU.ActiveCfg = Debug|Any CPU
		{72838515-05EA-4411-BAF6-598BFA0566CA}.Debug|Any CPU.Build.0 = Debug|Any CPU
		{72838515-05EA-4411-BAF6-598BFA0566CA}.Release|Any CPU.ActiveCfg = Release|Any CPU
		{72838515-05EA-4411-BAF6-598BFA0566CA}.Release|Any CPU.Build.0 = Release|Any CPU
	EndGlobalSection
	GlobalSection(SolutionProperties) = preSolution
		HideSolutionNode = FALSE
	EndGlobalSection
	GlobalSection(NestedProjects) = preSolution
		{C5C5017B-65C6-4937-8978-14EB76F04D7A} = {02EA681E-C7D8-13C7-8484-4AC65E1B71E8}
		{27E277AC-9FF2-4FBC-A57E-CE11DA68F75B} = {4ACF316F-90FD-4210-9DFB-6695C97856EE}
		{079203AC-8A2B-4DFE-AF5C-BDA6E6EDDBF3} = {4AF22FB4-4FCF-4782-8373-A50CE46ECEA2}
		{727F9F2D-7702-4C89-A656-6A50F8422B7B} = {805CAE4C-3BC9-490E-8EEA-4A7069671169}
		{AF177732-8922-4245-A6B9-15FA6598BEDC} = {33537982-CAB0-4485-B894-3D15C941C67A}
		{F726D635-67D8-416F-89F2-A80C0306D894} = {50AE494C-B027-4BEA-9CD5-8CD903BD7421}
		{72838515-05EA-4411-BAF6-598BFA0566CA} = {5BA73ACA-740A-45A4-9A35-4AAC1FA108EC}
	EndGlobalSection
	GlobalSection(ExtensibilityGlobals) = postSolution
		SolutionGuid = {005F1780-BE45-42CB-8D57-EFD1F187B1E8}
	EndGlobalSection
EndGlobal
