
Microsoft Visual Studio Solution File, Format Version 12.00
# Visual Studio Version 17
VisualStudioVersion = 17.14.36705.20 d17.14
MinimumVisualStudioVersion = 10.0.40219.1
Project("{FAE04EC0-301F-11D3-BF4B-00C04F79EFBC}") = "VacationCalculatorBonusHW", "VacationCalculatorBonusHW.csproj", "{A9366EEF-7E51-D286-C8EB-A9CF10F53201}"
EndProject
Global
	GlobalSection(SolutionConfigurationPlatforms) = preSolution
		Debug|Any CPU = Debug|Any CPU
		Release|Any CPU = Release|Any CPU
	EndGlobalSection
	GlobalSection(ProjectConfigurationPlatforms) = postSolution
		{A9366EEF-7E51-D286-C8EB-A9CF10F53201}.Debug|Any CPU.ActiveCfg = Debug|Any CPU
		{A9366EEF-7E51-D286-C8EB-A9CF10F53201}.Debug|Any CPU.Build.0 = Debug|Any CPU
		{A9366EEF-7E51-D286-C8EB-A9CF10F53201}.Release|Any CPU.ActiveCfg = Release|Any CPU
		{A9366EEF-7E51-D286-C8EB-A9CF10F53201}.Release|Any CPU.Build.0 = Release|Any CPU
	EndGlobalSection
	GlobalSection(SolutionProperties) = preSolution
		HideSolutionNode = FALSE
	EndGlobalSection
	GlobalSection(ExtensibilityGlobals) = postSolution
		SolutionGuid = {B6103832-C9DF-42EE-8FAF-5E89C2AA83ED}
	EndGlobalSection
EndGlobal
